{
  "requires": true,
  "lockfileVersion": 1,
  "dependencies": {
    "sweetalert2": {
      "version": "10.10.2",
      "resolved": "https://registry.npmjs.org/sweetalert2/-/sweetalert2-10.10.2.tgz",
      "integrity": "sha512-5uhfhuYRshsx5anrIdA1bmsn2Uju73PX7mmwZgKvOOWZv2tfkPwLlxvFgNJRdy8T6qX92UH8Im338lLoy9KyYg=="
    }
  }
}
